
Microsoft Visual Studio Solution File, Format Version 12.00
# Visual Studio Version 17
VisualStudioVersion = 17.1.32210.238
MinimumVisualStudioVersion = 10.0.40219.1
Project("{FAE04EC0-301F-11D3-BF4B-00C04F79EFBC}") = "CoreBankingSystem", "CoreBankingSystem\CoreBankingSystem.csproj", "{3BF3659F-2B72-43B5-AAB2-5B7AEB72FAFB}"
EndProject
Project("{FAE04EC0-301F-11D3-BF4B-00C04F79EFBC}") = "MoneyLaunderingService", "MoneyLaunderingService\MoneyLaunderingService.csproj", "{AE9044AF-CA8F-49E5-AF82-D77C6A3082F5}"
EndProject
Project("{FAE04EC0-301F-11D3-BF4B-00C04F79EFBC}") = "TransactionVisualizationService", "TransactionVisualizationService\TransactionVisualizationService.csproj", "{AB763DD6-C32E-4F81-A256-84999EB4811F}"
EndProject
Global
	GlobalSection(SolutionConfigurationPlatforms) = preSolution
		Debug|Any CPU = Debug|Any CPU
		Release|Any CPU = Release|Any CPU
	EndGlobalSection
	GlobalSection(ProjectConfigurationPlatforms) = postSolution
		{3BF3659F-2B72-43B5-AAB2-5B7AEB72FAFB}.Debug|Any CPU.ActiveCfg = Debug|Any CPU
		{3BF3659F-2B72-43B5-AAB2-5B7AEB72FAFB}.Debug|Any CPU.Build.0 = Debug|Any CPU
		{3BF3659F-2B72-43B5-AAB2-5B7AEB72FAFB}.Release|Any CPU.ActiveCfg = Release|Any CPU
		{3BF3659F-2B72-43B5-AAB2-5B7AEB72FAFB}.Release|Any CPU.Build.0 = Release|Any CPU
		{AE9044AF-CA8F-49E5-AF82-D77C6A3082F5}.Debug|Any CPU.ActiveCfg = Debug|Any CPU
		{AE9044AF-CA8F-49E5-AF82-D77C6A3082F5}.Debug|Any CPU.Build.0 = Debug|Any CPU
		{AE9044AF-CA8F-49E5-AF82-D77C6A3082F5}.Release|Any CPU.ActiveCfg = Release|Any CPU
		{AE9044AF-CA8F-49E5-AF82-D77C6A3082F5}.Release|Any CPU.Build.0 = Release|Any CPU
		{AB763DD6-C32E-4F81-A256-84999EB4811F}.Debug|Any CPU.ActiveCfg = Debug|Any CPU
		{AB763DD6-C32E-4F81-A256-84999EB4811F}.Debug|Any CPU.Build.0 = Debug|Any CPU
		{AB763DD6-C32E-4F81-A256-84999EB4811F}.Release|Any CPU.ActiveCfg = Release|Any CPU
		{AB763DD6-C32E-4F81-A256-84999EB4811F}.Release|Any CPU.Build.0 = Release|Any CPU
	EndGlobalSection
	GlobalSection(SolutionProperties) = preSolution
		HideSolutionNode = FALSE
	EndGlobalSection
	GlobalSection(ExtensibilityGlobals) = postSolution
		SolutionGuid = {06553AD3-AC48-4730-BF94-2B2749EE8B4B}
	EndGlobalSection
EndGlobal
